<Solution>
  <Folder Name="/src/">
    <Project Path="src/Swarnakshi.Api/Swarnakshi.Api.csproj" />
    <Project Path="src/Swarnakshi.Application/Swarnakshi.Application.csproj" />
    <Project Path="src/Swarnakshi.Domain/Swarnakshi.Domain.csproj" />
    <Project Path="src/Swarnakshi.Infrastructure/Swarnakshi.Infrastructure.csproj" />
  </Folder>
  <Folder Name="/tests/">
    <Project Path="tests/Swarnakshi.Tests/Swarnakshi.Tests.csproj" />
    <Project Path="tests/Swarnakshi.UatTests/Swarnakshi.UatTests.csproj" />
  </Folder>
  <Folder Name="/tools/">
    <Project Path="tools/Swarnakshi.Automation/Swarnakshi.Automation.csproj" />
  </Folder>
</Solution>
