<Solution>
  <Folder Name="/src/">
    <Project Path="src/Swarnakshi.Api/Swarnakshi.Api.csproj" />
    <Project Path="src/Swarnakshi.Application/Swarnakshi.Application.csproj" />
    <Project Path="src/Swarnakshi.Domain/Swarnakshi.Domain.csproj" />
    <Project Path="src/Swarnakshi.Infrastructure/Swarnakshi.Infrastructure.csproj" />
  </Folder>
</Solution>
